// !$*UTF8*$!
{
	archiveVersion = 1;
	classes = {
	};
	objectVersion = 46;
	objects = {

/* Begin PBXBuildFile section */
		CF0458781B252BC5006BEA08 /* main.m in Sources */ = {isa = PBXBuildFile; fileRef = CF0458771B252BC5006BEA08 /* main.m */; };
		CF04587B1B252BC5006BEA08 /* AppDelegate.m in Sources */ = {isa = PBXBuildFile; fileRef = CF04587A1B252BC5006BEA08 /* AppDelegate.m */; };
		CF04587E1B252BC5006BEA08 /* ViewController.m in Sources */ = {isa = PBXBuildFile; fileRef = CF04587D1B252BC5006BEA08 /* ViewController.m */; };
		CF0458811B252BC5006BEA08 /* Main.storyboard in Resources */ = {isa = PBXBuildFile; fileRef = CF04587F1B252BC5006BEA08 /* Main.storyboard */; };
		CF0458831B252BC5006BEA08 /* Images.xcassets in Resources */ = {isa = PBXBuildFile; fileRef = CF0458821B252BC5006BEA08 /* Images.xcassets */; };
		CF0458861B252BC5006BEA08 /* LaunchScreen.xib in Resources */ = {isa = PBXBuildFile; fileRef = CF0458841B252BC5006BEA08 /* LaunchScreen.xib */; };
		CF0458921B252BC5006BEA08 /* UITableViewController_Challenge_SolutionTests.m in Sources */ = {isa = PBXBuildFile; fileRef = CF0458911B252BC5006BEA08 /* UITableViewController_Challenge_SolutionTests.m */; };
/* End PBXBuildFile section */

/* Begin PBXContainerItemProxy section */
		CF04588C1B252BC5006BEA08 /* PBXContainerItemProxy */ = {
			isa = PBXContainerItemProxy;
			containerPortal = CF04586A1B252BC5006BEA08 /* Project object */;
			proxyType = 1;
			remoteGlobalIDString = CF0458711B252BC5006BEA08;
			remoteInfo = "UITableViewController Challenge Solution";
		};
/* End PBXContainerItemProxy section */

/* Begin PBXFileReference section */
		CF0458721B252BC5006BEA08 /* UITableViewController Challenge Solution.app */ = {isa = PBXFileReference; explicitFileType = wrapper.application; includeInIndex = 0; path = "UITableViewController Challenge Solution.app"; sourceTree = BUILT_PRODUCTS_DIR; };
		CF0458761B252BC5006BEA08 /* Info.plist */ = {isa = PBXFileReference; lastKnownFileType = text.plist.xml; path = Info.plist; sourceTree = "<group>"; };
		CF0458771B252BC5006BEA08 /* main.m */ = {isa = PBXFileReference; lastKnownFileType = sourcecode.c.objc; path = main.m; sourceTree = "<group>"; };
		CF0458791B252BC5006BEA08 /* AppDelegate.h */ = {isa = PBXFileReference; lastKnownFileType = sourcecode.c.h; path = AppDelegate.h; sourceTree = "<group>"; };
		CF04587A1B252BC5006BEA08 /* AppDelegate.m */ = {isa = PBXFileReference; lastKnownFileType = sourcecode.c.objc; path = AppDelegate.m; sourceTree = "<group>"; };
		CF04587C1B252BC5006BEA08 /* ViewController.h */ = {isa = PBXFileReference; lastKnownFileType = sourcecode.c.h; path = ViewController.h; sourceTree = "<group>"; };
		CF04587D1B252BC5006BEA08 /* ViewController.m */ = {isa = PBXFileReference; lastKnownFileType = sourcecode.c.objc; path = ViewController.m; sourceTree = "<group>"; };
		CF0458801B252BC5006BEA08 /* Base */ = {isa = PBXFileReference; lastKnownFileType = file.storyboard; name = Base; path = Base.lproj/Main.storyboard; sourceTree = "<group>"; };
		CF0458821B252BC5006BEA08 /* Images.xcassets */ = {isa = PBXFileReference; lastKnownFileType = folder.assetcatalog; path = Images.xcassets; sourceTree = "<group>"; };
		CF0458851B252BC5006BEA08 /* Base */ = {isa = PBXFileReference; lastKnownFileType = file.xib; name = Base; path = Base.lproj/LaunchScreen.xib; sourceTree = "<group>"; };
		CF04588B1B252BC5006BEA08 /* UITableViewController Challenge SolutionTests.xctest */ = {isa = PBXFileReference; explicitFileType = wrapper.cfbundle; includeInIndex = 0; path = "UITableViewController Challenge SolutionTests.xctest"; sourceTree = BUILT_PRODUCTS_DIR; };
		CF0458901B252BC5006BEA08 /* Info.plist */ = {isa = PBXFileReference; lastKnownFileType = text.plist.xml; path = Info.plist; sourceTree = "<group>"; };
		CF0458911B252BC5006BEA08 /* UITableViewController_Challenge_SolutionTests.m */ = {isa = PBXFileReference; lastKnownFileType = sourcecode.c.objc; path = UITableViewController_Challenge_SolutionTests.m; sourceTree = "<group>"; };
/* End PBXFileReference section */

/* Begin PBXFrameworksBuildPhase section */
		CF04586F1B252BC5006BEA08 /* Frameworks */ = {
			isa = PBXFrameworksBuildPhase;
			buildActionMask = 2147483647;
			files = (
			);
			runOnlyForDeploymentPostprocessing = 0;
		};
		CF0458881B252BC5006BEA08 /* Frameworks */ = {
			isa = PBXFrameworksBuildPhase;
			buildActionMask = 2147483647;
			files = (
			);
			runOnlyForDeploymentPostprocessing = 0;
		};
/* End PBXFrameworksBuildPhase section */

/* Begin PBXGroup section */
		CF0458691B252BC5006BEA08 = {
			isa = PBXGroup;
			children = (
				CF0458741B252BC5006BEA08 /* UITableViewController Challenge Solution */,
				CF04588E1B252BC5006BEA08 /* UITableViewController Challenge SolutionTests */,
				CF0458731B252BC5006BEA08 /* Products */,
			);
			sourceTree = "<group>";
		};
		CF0458731B252BC5006BEA08 /* Products */ = {
			isa = PBXGroup;
			children = (
				CF0458721B252BC5006BEA08 /* UITableViewController Challenge Solution.app */,
				CF04588B1B252BC5006BEA08 /* UITableViewController Challenge SolutionTests.xctest */,
			);
			name = Products;
			sourceTree = "<group>";
		};
		CF0458741B252BC5006BEA08 /* UITableViewController Challenge Solution */ = {
			isa = PBXGroup;
			children = (
				CF0458791B252BC5006BEA08 /* AppDelegate.h */,
				CF04587A1B252BC5006BEA08 /* AppDelegate.m */,
				CF04587C1B252BC5006BEA08 /* ViewController.h */,
				CF04587D1B252BC5006BEA08 /* ViewController.m */,
				CF04587F1B252BC5006BEA08 /* Main.storyboard */,
				CF0458821B252BC5006BEA08 /* Images.xcassets */,
				CF0458841B252BC5006BEA08 /* LaunchScreen.xib */,
				CF0458751B252BC5006BEA08 /* Supporting Files */,
			);
			path = "UITableViewController Challenge Solution";
			sourceTree = "<group>";
		};
		CF0458751B252BC5006BEA08 /* Supporting Files */ = {
			isa = PBXGroup;
			children = (
				CF0458761B252BC5006BEA08 /* Info.plist */,
				CF0458771B252BC5006BEA08 /* main.m */,
			);
			name = "Supporting Files";
			sourceTree = "<group>";
		};
		CF04588E1B252BC5006BEA08 /* UITableViewController Challenge SolutionTests */ = {
			isa = PBXGroup;
			children = (
				CF0458911B252BC5006BEA08 /* UITableViewController_Challenge_SolutionTests.m */,
				CF04588F1B252BC5006BEA08 /* Supporting Files */,
			);
			path = "UITableViewController Challenge SolutionTests";
			sourceTree = "<group>";
		};
		CF04588F1B252BC5006BEA08 /* Supporting Files */ = {
			isa = PBXGroup;
			children = (
				CF0458901B252BC5006BEA08 /* Info.plist */,
			);
			name = "Supporting Files";
			sourceTree = "<group>";
		};
/* End PBXGroup section */

/* Begin PBXNativeTarget section */
		CF0458711B252BC5006BEA08 /* UITableViewController Challenge Solution */ = {
			isa = PBXNativeTarget;
			buildConfigurationList = CF0458951B252BC5006BEA08 /* Build configuration list for PBXNativeTarget "UITableViewController Challenge Solution" */;
			buildPhases = (
				CF04586E1B252BC5006BEA08 /* Sources */,
				CF04586F1B252BC5006BEA08 /* Frameworks */,
				CF0458701B252BC5006BEA08 /* Resources */,
			);
			buildRules = (
			);
			dependencies = (
			);
			name = "UITableViewController Challenge Solution";
			productName = "UITableViewController Challenge Solution";
			productReference = CF0458721B252BC5006BEA08 /* UITableViewController Challenge Solution.app */;
			productType = "com.apple.product-type.application";
		};
		CF04588A1B252BC5006BEA08 /* UITableViewController Challenge SolutionTests */ = {
			isa = PBXNativeTarget;
			buildConfigurationList = CF0458981B252BC5006BEA08 /* Build configuration list for PBXNativeTarget "UITableViewController Challenge SolutionTests" */;
			buildPhases = (
				CF0458871B252BC5006BEA08 /* Sources */,
				CF0458881B252BC5006BEA08 /* Frameworks */,
				CF0458891B252BC5006BEA08 /* Resources */,
			);
			buildRules = (
			);
			dependencies = (
				CF04588D1B252BC5006BEA08 /* PBXTargetDependency */,
			);
			name = "UITableViewController Challenge SolutionTests";
			productName = "UITableViewController Challenge SolutionTests";
			productReference = CF04588B1B252BC5006BEA08 /* UITableViewController Challenge SolutionTests.xctest */;
			productType = "com.apple.product-type.bundle.unit-test";
		};
/* End PBXNativeTarget section */

/* Begin PBXProject section */
		CF04586A1B252BC5006BEA08 /* Project object */ = {
			isa = PBXProject;
			attributes = {
				LastUpgradeCheck = 0630;
				ORGANIZATIONNAME = "Dale M Keith";
				TargetAttributes = {
					CF0458711B252BC5006BEA08 = {
						CreatedOnToolsVersion = 6.3.2;
					};
					CF04588A1B252BC5006BEA08 = {
						CreatedOnToolsVersion = 6.3.2;
						TestTargetID = CF0458711B252BC5006BEA08;
					};
				};
			};
			buildConfigurationList = CF04586D1B252BC5006BEA08 /* Build configuration list for PBXProject "UITableViewController Challenge Solution" */;
			compatibilityVersion = "Xcode 3.2";
			developmentRegion = English;
			hasScannedForEncodings = 0;
			knownRegions = (
				en,
				Base,
			);
			mainGroup = CF0458691B252BC5006BEA08;
			productRefGroup = CF0458731B252BC5006BEA08 /* Products */;
			projectDirPath = "";
			projectRoot = "";
			targets = (
				CF0458711B252BC5006BEA08 /* UITableViewController Challenge Solution */,
				CF04588A1B252BC5006BEA08 /* UITableViewController Challenge SolutionTests */,
			);
		};
/* End PBXProject section */

/* Begin PBXResourcesBuildPhase section */
		CF0458701B252BC5006BEA08 /* Resources */ = {
			isa = PBXResourcesBuildPhase;
			buildActionMask = 2147483647;
			files = (
				CF0458811B252BC5006BEA08 /* Main.storyboard in Resources */,
				CF0458861B252BC5006BEA08 /* LaunchScreen.xib in Resources */,
				CF0458831B252BC5006BEA08 /* Images.xcassets in Resources */,
			);
			runOnlyForDeploymentPostprocessing = 0;
		};
		CF0458891B252BC5006BEA08 /* Resources */ = {
			isa = PBXResourcesBuildPhase;
			buildActionMask = 2147483647;
			files = (
			);
			runOnlyForDeploymentPostprocessing = 0;
		};
/* End PBXResourcesBuildPhase section */

/* Begin PBXSourcesBuildPhase section */
		CF04586E1B252BC5006BEA08 /* Sources */ = {
			isa = PBXSourcesBuildPhase;
			buildActionMask = 2147483647;
			files = (
				CF04587E1B252BC5006BEA08 /* ViewController.m in Sources */,
				CF04587B1B252BC5006BEA08 /* AppDelegate.m in Sources */,
				CF0458781B252BC5006BEA08 /* main.m in Sources */,
			);
			runOnlyForDeploymentPostprocessing = 0;
		};
		CF0458871B252BC5006BEA08 /* Sources */ = {
			isa = PBXSourcesBuildPhase;
			buildActionMask = 2147483647;
			files = (
				CF0458921B252BC5006BEA08 /* UITableViewController_Challenge_SolutionTests.m in Sources */,
			);
			runOnlyForDeploymentPostprocessing = 0;
		};
/* End PBXSourcesBuildPhase section */

/* Begin PBXTargetDependency section */
		CF04588D1B252BC5006BEA08 /* PBXTargetDependency */ = {
			isa = PBXTargetDependency;
			target = CF0458711B252BC5006BEA08 /* UITableViewController Challenge Solution */;
			targetProxy = CF04588C1B252BC5006BEA08 /* PBXContainerItemProxy */;
		};
/* End PBXTargetDependency section */

/* Begin PBXVariantGroup section */
		CF04587F1B252BC5006BEA08 /* Main.storyboard */ = {
			isa = PBXVariantGroup;
			children = (
				CF0458801B252BC5006BEA08 /* Base */,
			);
			name = Main.storyboard;
			sourceTree = "<group>";
		};
		CF0458841B252BC5006BEA08 /* LaunchScreen.xib */ = {
			isa = PBXVariantGroup;
			children = (
				CF0458851B252BC5006BEA08 /* Base */,
			);
			name = LaunchScreen.xib;
			sourceTree = "<group>";
		};
/* End PBXVariantGroup section */

/* Begin XCBuildConfiguration section */
		CF0458931B252BC5006BEA08 /* Debug */ = {
			isa = XCBuildConfiguration;
			buildSettings = {
				ALWAYS_SEARCH_USER_PATHS = NO;
				CLANG_CXX_LANGUAGE_STANDARD = "gnu++0x";
				CLANG_CXX_LIBRARY = "libc++";
				CLANG_ENABLE_MODULES = YES;
				CLANG_ENABLE_OBJC_ARC = YES;
				CLANG_WARN_BOOL_CONVERSION = YES;
				CLANG_WARN_CONSTANT_CONVERSION = YES;
				CLANG_WARN_DIRECT_OBJC_ISA_USAGE = YES_ERROR;
				CLANG_WARN_EMPTY_BODY = YES;
				CLANG_WARN_ENUM_CONVERSION = YES;
				CLANG_WARN_INT_CONVERSION = YES;
				CLANG_WARN_OBJC_ROOT_CLASS = YES_ERROR;
				CLANG_WARN_UNREACHABLE_CODE = YES;
				CLANG_WARN__DUPLICATE_METHOD_MATCH = YES;
				"CODE_SIGN_IDENTITY[sdk=iphoneos*]" = "iPhone Developer";
				COPY_PHASE_STRIP = NO;
				DEBUG_INFORMATION_FORMAT = "dwarf-with-dsym";
				ENABLE_STRICT_OBJC_MSGSEND = YES;
				GCC_C_LANGUAGE_STANDARD = gnu99;
				GCC_DYNAMIC_NO_PIC = NO;
				GCC_NO_COMMON_BLOCKS = YES;
				GCC_OPTIMIZATION_LEVEL = 0;
				GCC_PREPROCESSOR_DEFINITIONS = (
					"DEBUG=1",
					"$(inherited)",
				);
				GCC_SYMBOLS_PRIVATE_EXTERN = NO;
				GCC_WARN_64_TO_32_BIT_CONVERSION = YES;
				GCC_WARN_ABOUT_RETURN_TYPE = YES_ERROR;
				GCC_WARN_UNDECLARED_SELECTOR = YES;
				GCC_WARN_UNINITIALIZED_AUTOS = YES_AGGRESSIVE;
				GCC_WARN_UNUSED_FUNCTION = YES;
				GCC_WARN_UNUSED_VARIABLE = YES;
				IPHONEOS_DEPLOYMENT_TARGET = 8.3;
				MTL_ENABLE_DEBUG_INFO = YES;
				ONLY_ACTIVE_ARCH = YES;
				SDKROOT = iphoneos;
			};
			name = Debug;
		};
		CF0458941B252BC5006BEA08 /* Release */ = {
			isa = XCBuildConfiguration;
			buildSettings = {
				ALWAYS_SEARCH_USER_PATHS = NO;
				CLANG_CXX_LANGUAGE_STANDARD = "gnu++0x";
				CLANG_CXX_LIBRARY = "libc++";
				CLANG_ENABLE_MODULES = YES;
				CLANG_ENABLE_OBJC_ARC = YES;
				CLANG_WARN_BOOL_CONVERSION = YES;
				CLANG_WARN_CONSTANT_CONVERSION = YES;
				CLANG_WARN_DIRECT_OBJC_ISA_USAGE = YES_ERROR;
				CLANG_WARN_EMPTY_BODY = YES;
				CLANG_WARN_ENUM_CONVERSION = YES;
				CLANG_WARN_INT_CONVERSION = YES;
				CLANG_WARN_OBJC_ROOT_CLASS = YES_ERROR;
				CLANG_WARN_UNREACHABLE_CODE = YES;
				CLANG_WARN__DUPLICATE_METHOD_MATCH = YES;
				"CODE_SIGN_IDENTITY[sdk=iphoneos*]" = "iPhone Developer";
				COPY_PHASE_STRIP = NO;
				DEBUG_INFORMATION_FORMAT = "dwarf-with-dsym";
				ENABLE_NS_ASSERTIONS = NO;
				ENABLE_STRICT_OBJC_MSGSEND = YES;
				GCC_C_LANGUAGE_STANDARD = gnu99;
				GCC_NO_COMMON_BLOCKS = YES;
				GCC_WARN_64_TO_32_BIT_CONVERSION = YES;
				GCC_WARN_ABOUT_RETURN_TYPE = YES_ERROR;
				GCC_WARN_UNDECLARED_SELECTOR = YES;
				GCC_WARN_UNINITIALIZED_AUTOS = YES_AGGRESSIVE;
				GCC_WARN_UNUSED_FUNCTION = YES;
				GCC_WARN_UNUSED_VARIABLE = YES;
				IPHONEOS_DEPLOYMENT_TARGET = 8.3;
				MTL_ENABLE_DEBUG_INFO = NO;
				SDKROOT = iphoneos;
				VALIDATE_PRODUCT = YES;
			};
			name = Release;
		};
		CF0458961B252BC5006BEA08 /* Debug */ = {
			isa = XCBuildConfiguration;
			buildSettings = {
				ASSETCATALOG_COMPILER_APPICON_NAME = AppIcon;
				INFOPLIST_FILE = "UITableViewController Challenge Solution/Info.plist";
				LD_RUNPATH_SEARCH_PATHS = "$(inherited) @executable_path/Frameworks";
				PRODUCT_NAME = "$(TARGET_NAME)";
			};
			name = Debug;
		};
		CF0458971B252BC5006BEA08 /* Release */ = {
			isa = XCBuildConfiguration;
			buildSettings = {
				ASSETCATALOG_COMPILER_APPICON_NAME = AppIcon;
				INFOPLIST_FILE = "UITableViewController Challenge Solution/Info.plist";
				LD_RUNPATH_SEARCH_PATHS = "$(inherited) @executable_path/Frameworks";
				PRODUCT_NAME = "$(TARGET_NAME)";
			};
			name = Release;
		};
		CF0458991B252BC5006BEA08 /* Debug */ = {
			isa = XCBuildConfiguration;
			buildSettings = {
				BUNDLE_LOADER = "$(TEST_HOST)";
				FRAMEWORK_SEARCH_PATHS = (
					"$(SDKROOT)/Developer/Library/Frameworks",
					"$(inherited)",
				);
				GCC_PREPROCESSOR_DEFINITIONS = (
					"DEBUG=1",
					"$(inherited)",
				);
				INFOPLIST_FILE = "UITableViewController Challenge SolutionTests/Info.plist";
				LD_RUNPATH_SEARCH_PATHS = "$(inherited) @executable_path/Frameworks @loader_path/Frameworks";
				PRODUCT_NAME = "$(TARGET_NAME)";
				TEST_HOST = "$(BUILT_PRODUCTS_DIR)/UITableViewController Challenge Solution.app/UITableViewController Challenge Solution";
			};
			name = Debug;
		};
		CF04589A1B252BC5006BEA08 /* Release */ = {
			isa = XCBuildConfiguration;
			buildSettings = {
				BUNDLE_LOADER = "$(TEST_HOST)";
				FRAMEWORK_SEARCH_PATHS = (
					"$(SDKROOT)/Developer/Library/Frameworks",
					"$(inherited)",
				);
				INFOPLIST_FILE = "UITableViewController Challenge SolutionTests/Info.plist";
				LD_RUNPATH_SEARCH_PATHS = "$(inherited) @executable_path/Frameworks @loader_path/Frameworks";
				PRODUCT_NAME = "$(TARGET_NAME)";
				TEST_HOST = "$(BUILT_PRODUCTS_DIR)/UITableViewController Challenge Solution.app/UITableViewController Challenge Solution";
			};
			name = Release;
		};
/* End XCBuildConfiguration section */

/* Begin XCConfigurationList section */
		CF04586D1B252BC5006BEA08 /* Build configuration list for PBXProject "UITableViewController Challenge Solution" */ = {
			isa = XCConfigurationList;
			buildConfigurations = (
				CF0458931B252BC5006BEA08 /* Debug */,
				CF0458941B252BC5006BEA08 /* Release */,
			);
			defaultConfigurationIsVisible = 0;
			defaultConfigurationName = Release;
		};
		CF0458951B252BC5006BEA08 /* Build configuration list for PBXNativeTarget "UITableViewController Challenge Solution" */ = {
			isa = XCConfigurationList;
			buildConfigurations = (
				CF0458961B252BC5006BEA08 /* Debug */,
				CF0458971B252BC5006BEA08 /* Release */,
			);
			defaultConfigurationIsVisible = 0;
		};
		CF0458981B252BC5006BEA08 /* Build configuration list for PBXNativeTarget "UITableViewController Challenge SolutionTests" */ = {
			isa = XCConfigurationList;
			buildConfigurations = (
				CF0458991B252BC5006BEA08 /* Debug */,
				CF04589A1B252BC5006BEA08 /* Release */,
			);
			defaultConfigurationIsVisible = 0;
		};
/* End XCConfigurationList section */
	};
	rootObject = CF04586A1B252BC5006BEA08 /* Project object */;
}
